<?xml version="1.0" encoding="utf-8"?>
<Project ToolsVersion="4.0" xmlns="http://schemas.microsoft.com/developer/msbuild/2003">
  <ItemGroup>
    <Filter Include="Components">
      <UniqueIdentifier>{a4bfdc14-322f-4b51-8c01-288797f39562}</UniqueIdentifier>
    </Filter>
    <Filter Include="States">
      <UniqueIdentifier>{6f3d9b18-2a4f-4c63-9e7a-1f8a3c5b7e21}</UniqueIdentifier>
    </Filter>
    <Filter Include="Callbacks">
      <UniqueIdentifier>{8d52a4c7-1b3f-4e85-a072-9c4d6e2b5f48}</UniqueIdentifier>
    </Filter>
    <Filter Include="FrameWork">
      <UniqueIdentifier>{ba504ac7-fd0d-4a82-a75c-07c8cf9c9c9c}</UniqueIdentifier>
    </Filter>
    <Filter Include="Common">
      <UniqueIdentifier>{ec0e2628-84a7-4b91-915f-93a185bcaffc}</UniqueIdentifier>
    </Filter>
    <Filter Include="Core">
      <UniqueIdentifier>{44f3460a-8679-4431-a6b6-3d167f27e0c3}</UniqueIdentifier>
    </Filter>
    <Filter Include="Common\Resources">
      <UniqueIdentifier>{53507976-acf4-45ff-9b2d-af2fdef3b210}</UniqueIdentifier>
    </Filter>
    <Filter Include="Common\Resources\Materials">
      <UniqueIdentifier>{230bb667-b3d4-4135-a0ef-1075b9c0e470}</UniqueIdentifier>
    </Filter>
    <Filter Include="Common\Resources\Shaders">
      <UniqueIdentifier>{b6da996b-87b6-4a4f-a764-e28dbce6c65f}</UniqueIdentifier>
    </Filter>
    <Filter Include="assets">
      <UniqueIdentifier>{eeb1f356-c328-4f20-9896-a65edcb7a1ca}</UniqueIdentifier>
    </Filter>
  </ItemGroup>
  <ItemGroup>
    <ClCompile Include="Core\main.cpp">
      <Filter>Core</Filter>
    </ClCompile>
    <ClCompile Include="FrameWork\Component.cpp">
      <Filter>FrameWork</Filter>
    </ClCompile>
    <ClCompile Include="FrameWork\CollisionSystem.cpp">
      <Filter>FrameWork</Filter>
    </ClCompile>
    <ClCompile Include="FrameWork\GameObject.cpp">
      <Filter>FrameWork</Filter>
    </ClCompile>
    <ClCompile Include="FrameWork\GameLoop.cpp">
      <Filter>FrameWork</Filter>
    </ClCompile>
    <ClCompile Include="Common\D3D11ResourceHandler.cpp">
      <Filter>Common</Filter>
    </ClCompile>
    <ClCompile Include="Common\Win32Handler.cpp">
      <Filter>Common</Filter>
    </ClCompile>
    <ClCompile Include="Components\AttackController.cpp">
      <Filter>Components</Filter>
    </ClCompile>
    <ClCompile Include="Components\MeshRenderer.cpp">
      <Filter>Components</Filter>
    </ClCompile>
    <ClCompile Include="Components\PlayerControl.cpp">
      <Filter>Components</Filter>
    </ClCompile>
    <ClCompile Include="Components\SpriteAnimator.cpp">
      <Filter>Components</Filter>
    </ClCompile>
    <ClCompile Include="Components\VelocityController.cpp">
      <Filter>Components</Filter>
    </ClCompile>
    <ClCompile Include="Callbacks\StateCallbacks.cpp">
      <Filter>Callbacks</Filter>
    </ClCompile>
    <ClCompile Include="States\AttackState.cpp">
      <Filter>States</Filter>
    </ClCompile>
    <ClCompile Include="States\LifeState.cpp">
      <Filter>States</Filter>
    </ClCompile>
    <ClCompile Include="States\MovementState.cpp">
      <Filter>States</Filter>
    </ClCompile>
    <ClCompile Include="Common\Resources\Mesh.cpp">
      <Filter>Common\Resources</Filter>
    </ClCompile>
    <ClCompile Include="Common\Resources\ShaderSet.cpp">
      <Filter>Common\Resources</Filter>
    </ClCompile>
    <ClCompile Include="Common\Resources\Material.cpp">
      <Filter>Common\Resources</Filter>
    </ClCompile>
    <ClCompile Include="Common\Resources\Materials\ColorMaterial.cpp">
      <Filter>Common\Resources\Materials</Filter>
    </ClCompile>
    <ClCompile Include="Common\Resources\Materials\TextureMaterial.cpp">
      <Filter>Common\Resources\Materials</Filter>
    </ClCompile>
    <ClCompile Include="Common\Logger.cpp">
      <Filter>Common</Filter>
    </ClCompile>
    <ClCompile Include="Components\TerrainStateController.cpp" />
    <ClCompile Include="FrameWork\LevelLayout.cpp" />
    <ClCompile Include="Components\EnvironmentRenderer.cpp" />
  </ItemGroup>
  <ItemGroup>
    <ClInclude Include="Common\D3D11ResourceHandler.h">
      <Filter>Common</Filter>
    </ClInclude>
    <ClInclude Include="Common\EngineTypes.h">
      <Filter>Common</Filter>
    </ClInclude>
    <ClInclude Include="Common\Utils.h">
      <Filter>Common</Filter>
    </ClInclude>
    <ClInclude Include="FrameWork\Component.h">
      <Filter>FrameWork</Filter>
    </ClInclude>
    <ClInclude Include="FrameWork\State.h">
      <Filter>FrameWork</Filter>
    </ClInclude>
    <ClInclude Include="Callbacks\StateCallbacks.h">
      <Filter>Callbacks</Filter>
    </ClInclude>
    <ClInclude Include="FrameWork\CollisionSystem.h">
      <Filter>FrameWork</Filter>
    </ClInclude>
    <ClInclude Include="FrameWork\GameObject.h">
      <Filter>FrameWork</Filter>
    </ClInclude>
    <ClInclude Include="FrameWork\GameLoop.h">
      <Filter>FrameWork</Filter>
    </ClInclude>
    <ClInclude Include="Common\Win32Handler.h">
      <Filter>Common</Filter>
    </ClInclude>
    <ClInclude Include="Components\AttackController.h">
      <Filter>Components</Filter>
    </ClInclude>
    <ClInclude Include="Components\MeshRenderer.h">
      <Filter>Components</Filter>
    </ClInclude>
    <ClInclude Include="Components\PlayerControl.h">
      <Filter>Components</Filter>
    </ClInclude>
    <ClInclude Include="Components\SpriteAnimator.h">
      <Filter>Components</Filter>
    </ClInclude>
    <ClInclude Include="Components\VelocityController.h">
      <Filter>Components</Filter>
    </ClInclude>
    <ClInclude Include="States\AttackState.h">
      <Filter>States</Filter>
    </ClInclude>
    <ClInclude Include="States\LifeState.h">
      <Filter>States</Filter>
    </ClInclude>
    <ClInclude Include="States\MovementState.h">
      <Filter>States</Filter>
    </ClInclude>
    <ClInclude Include="Common\Resources\Mesh.h">
      <Filter>Common\Resources</Filter>
    </ClInclude>
    <ClInclude Include="Common\Resources\ShaderSet.h">
      <Filter>Common\Resources</Filter>
    </ClInclude>
    <ClInclude Include="Common\Resources\Material.h">
      <Filter>Common\Resources</Filter>
    </ClInclude>
    <ClInclude Include="Common\Resources\Materials\ColorMaterial.h">
      <Filter>Common\Resources\Materials</Filter>
    </ClInclude>
    <ClInclude Include="Common\Resources\Materials\TextureMaterial.h">
      <Filter>Common\Resources\Materials</Filter>
    </ClInclude>
    <ClInclude Include="Common\Logger.h">
      <Filter>Common</Filter>
    </ClInclude>
    <ClInclude Include="FrameWork\LevelLayout.h" />
    <ClInclude Include="Components\EnvironmentRenderer.h" />
  </ItemGroup>
  <ItemGroup>
    <Image Include="assets\chmov.png">
      <Filter>assets</Filter>
    </Image>
    <Image Include="assets\gold.bmp">
      <Filter>assets</Filter>
    </Image>
    <None Include="Common\Resources\Shaders\ColorShader.hlsl">
      <Filter>Common\Resources\Shaders</Filter>
    </None>
    <None Include="Common\Resources\Shaders\TextureShader.hlsl">
      <Filter>Common\Resources\Shaders</Filter>
    </None>
  </ItemGroup>
  <ItemGroup>
    <None Include="UML.cd" />
    <None Include="Components\TerrainStateController.h">
      <Filter>Components</Filter>
    </None>
  </ItemGroup>
</Project>