<?xml version="1.0" encoding="utf-8"?>
<Project ToolsVersion="4.0" xmlns="http://schemas.microsoft.com/developer/msbuild/2003">
  <ItemGroup>
    <Filter Include="Components">
      <UniqueIdentifier>{a4bfdc14-322f-4b51-8c01-288797f39562}</UniqueIdentifier>
    </Filter>
    <Filter Include="FrameWork">
      <UniqueIdentifier>{ba504ac7-fd0d-4a82-a75c-07c8cf9c9c9c}</UniqueIdentifier>
    </Filter>
    <Filter Include="Common">
      <UniqueIdentifier>{ec0e2628-84a7-4b91-915f-93a185bcaffc}</UniqueIdentifier>
    </Filter>
    <Filter Include="Core">
      <UniqueIdentifier>{44f3460a-8679-4431-a6b6-3d167f27e0c3}</UniqueIdentifier>
    </Filter>
    <Filter Include="Common\Resources">
      <UniqueIdentifier>{53507976-acf4-45ff-9b2d-af2fdef3b210}</UniqueIdentifier>
    </Filter>
    <Filter Include="Common\Resources\Materials">
      <UniqueIdentifier>{230bb667-b3d4-4135-a0ef-1075b9c0e470}</UniqueIdentifier>
    </Filter>
  </ItemGroup>
  <ItemGroup>
    <ClCompile Include="Core\main.cpp">
      <Filter>Core</Filter>
    </ClCompile>
    <ClCompile Include="FrameWork\Component.cpp">
      <Filter>FrameWork</Filter>
    </ClCompile>
    <ClCompile Include="FrameWork\CollisionSystem.cpp">
      <Filter>FrameWork</Filter>
    </ClCompile>
    <ClCompile Include="FrameWork\GameObject.cpp">
      <Filter>FrameWork</Filter>
    </ClCompile>
    <ClCompile Include="FrameWork\GameLoop.cpp">
      <Filter>FrameWork</Filter>
    </ClCompile>
    <ClCompile Include="Common\D3D11ResourceHandler.cpp">
      <Filter>Common</Filter>
    </ClCompile>
    <ClCompile Include="Common\Win32Handler.cpp">
      <Filter>Common</Filter>
    </ClCompile>
    <ClCompile Include="Components\MeshRenderer.cpp">
      <Filter>Components</Filter>
    </ClCompile>
    <ClCompile Include="Components\PlayerControl.cpp">
      <Filter>Components</Filter>
    </ClCompile>
    <ClCompile Include="Components\VelocityController.cpp">
      <Filter>Components</Filter>
    </ClCompile>
    <ClCompile Include="Common\Resources\Mesh.cpp">
      <Filter>Common\Resources</Filter>
    </ClCompile>
    <ClCompile Include="Common\Resources\ShaderSet.cpp">
      <Filter>Common\Resources</Filter>
    </ClCompile>
    <ClCompile Include="Common\Resources\Material.cpp">
      <Filter>Common\Resources</Filter>
    </ClCompile>
    <ClCompile Include="Common\Resources\Materials\ColorMaterial.cpp">
      <Filter>Common\Resources\Materials</Filter>
    </ClCompile>
  </ItemGroup>
  <ItemGroup>
    <ClInclude Include="Common\D3D11ResourceHandler.h">
      <Filter>Common</Filter>
    </ClInclude>
    <ClInclude Include="Common\EngineTypes.h">
      <Filter>Common</Filter>
    </ClInclude>
    <ClInclude Include="Common\Utils.h">
      <Filter>Common</Filter>
    </ClInclude>
    <ClInclude Include="FrameWork\Component.h">
      <Filter>FrameWork</Filter>
    </ClInclude>
    <ClInclude Include="FrameWork\CollisionSystem.h">
      <Filter>FrameWork</Filter>
    </ClInclude>
    <ClInclude Include="FrameWork\GameObject.h">
      <Filter>FrameWork</Filter>
    </ClInclude>
    <ClInclude Include="FrameWork\GameLoop.h">
      <Filter>FrameWork</Filter>
    </ClInclude>
    <ClInclude Include="Common\Win32Handler.h">
      <Filter>Common</Filter>
    </ClInclude>
    <ClInclude Include="Components\MeshRenderer.h">
      <Filter>Components</Filter>
    </ClInclude>
    <ClInclude Include="Components\PlayerControl.h">
      <Filter>Components</Filter>
    </ClInclude>
    <ClInclude Include="Components\VelocityController.h">
      <Filter>Components</Filter>
    </ClInclude>
    <ClInclude Include="Common\Resources\Mesh.h">
      <Filter>Common\Resources</Filter>
    </ClInclude>
    <ClInclude Include="Common\Resources\ShaderSet.h">
      <Filter>Common\Resources</Filter>
    </ClInclude>
    <ClInclude Include="Common\Resources\Material.h">
      <Filter>Common\Resources</Filter>
    </ClInclude>
    <ClInclude Include="Common\Resources\Materials\ColorMaterial.h">
      <Filter>Common\Resources\Materials</Filter>
    </ClInclude>
  </ItemGroup>
</Project>
